# @generated - this file is auto-generated by `mise lock` https://mise.en.dev/dev-tools/mise-lock.html

[[tools."aqua:dprint/dprint"]]
version = "0.54.0"
backend = "aqua:dprint/dprint"

[tools."aqua:dprint/dprint"."platforms.linux-arm64"]
checksum = "sha256:9a66b5931ca30402a3dd2933c432c6b6316eedd08037ab0aeb8d24cd17b2a301"
url = "https://github.com/dprint/dprint/releases/download/0.54.0/dprint-aarch64-unknown-linux-musl.zip"

[tools."aqua:dprint/dprint"."platforms.linux-arm64-musl"]
checksum = "sha256:9a66b5931ca30402a3dd2933c432c6b6316eedd08037ab0aeb8d24cd17b2a301"
url = "https://github.com/dprint/dprint/releases/download/0.54.0/dprint-aarch64-unknown-linux-musl.zip"

[tools."aqua:dprint/dprint"."platforms.linux-x64"]
checksum = "sha256:859ae94e596105201faa59a3fb4bedc8316e226e3e154ae410f9373461e1e41c"
url = "https://github.com/dprint/dprint/releases/download/0.54.0/dprint-x86_64-unknown-linux-musl.zip"

[tools."aqua:dprint/dprint"."platforms.linux-x64-baseline"]
checksum = "sha256:859ae94e596105201faa59a3fb4bedc8316e226e3e154ae410f9373461e1e41c"
url = "https://github.com/dprint/dprint/releases/download/0.54.0/dprint-x86_64-unknown-linux-musl.zip"

[tools."aqua:dprint/dprint"."platforms.linux-x64-musl"]
checksum = "sha256:859ae94e596105201faa59a3fb4bedc8316e226e3e154ae410f9373461e1e41c"
url = "https://github.com/dprint/dprint/releases/download/0.54.0/dprint-x86_64-unknown-linux-musl.zip"

[tools."aqua:dprint/dprint"."platforms.linux-x64-musl-baseline"]
checksum = "sha256:859ae94e596105201faa59a3fb4bedc8316e226e3e154ae410f9373461e1e41c"
url = "https://github.com/dprint/dprint/releases/download/0.54.0/dprint-x86_64-unknown-linux-musl.zip"

[tools."aqua:dprint/dprint"."platforms.macos-arm64"]
checksum = "sha256:1d6a8fb14d66cba0f049738edd4ab3b1afc1de6d936cd32e483e33284cfd1ade"
url = "https://github.com/dprint/dprint/releases/download/0.54.0/dprint-aarch64-apple-darwin.zip"

[tools."aqua:dprint/dprint"."platforms.macos-x64"]
checksum = "sha256:fdbffa16cf0890ca30e958ffdabe7748e733867651a438ede1501f0e1a7b5e91"
url = "https://github.com/dprint/dprint/releases/download/0.54.0/dprint-x86_64-apple-darwin.zip"

[tools."aqua:dprint/dprint"."platforms.macos-x64-baseline"]
checksum = "sha256:fdbffa16cf0890ca30e958ffdabe7748e733867651a438ede1501f0e1a7b5e91"
url = "https://github.com/dprint/dprint/releases/download/0.54.0/dprint-x86_64-apple-darwin.zip"

[tools."aqua:dprint/dprint"."platforms.windows-x64"]
checksum = "sha256:3fd881acaf7fd4fbc5d07c3030ce79b965a4cb7128fe0eb1ebe725188ccd2715"
url = "https://github.com/dprint/dprint/releases/download/0.54.0/dprint-x86_64-pc-windows-msvc.zip"

[tools."aqua:dprint/dprint"."platforms.windows-x64-baseline"]
checksum = "sha256:3fd881acaf7fd4fbc5d07c3030ce79b965a4cb7128fe0eb1ebe725188ccd2715"
url = "https://github.com/dprint/dprint/releases/download/0.54.0/dprint-x86_64-pc-windows-msvc.zip"

[[tools.bun]]
version = "1.3.14"
backend = "core:bun"

[tools.bun."platforms.linux-arm64"]
checksum = "sha256:a27ffb63a8310375836e0d6f668ae17fa8d8d18b88c37c821c65331973a19a3b"
url = "https://github.com/oven-sh/bun/releases/download/bun-v1.3.14/bun-linux-aarch64.zip"

[tools.bun."platforms.linux-arm64-musl"]
checksum = "sha256:b98e0ad3625c5c00d1d5b5ff55605c7adddbfae151861e68ade57b2d3b8703bb"
url = "https://github.com/oven-sh/bun/releases/download/bun-v1.3.14/bun-linux-aarch64-musl.zip"

[tools.bun."platforms.linux-x64"]
checksum = "sha256:951ee2aee855f08595aeec6225226a298d3fea83a3dcd6465c09cbccdf7e848f"
url = "https://github.com/oven-sh/bun/releases/download/bun-v1.3.14/bun-linux-x64.zip"

[tools.bun."platforms.linux-x64-baseline"]
checksum = "sha256:a063908ae08b7852ca10939bbdc6ceed3ddabce8fb9402dce83d65d73b36e6c7"
url = "https://github.com/oven-sh/bun/releases/download/bun-v1.3.14/bun-linux-x64-baseline.zip"

[tools.bun."platforms.linux-x64-musl"]
checksum = "sha256:14bd9aedeebf1dba67e8def9531c89bc989ecfdf1de42e5bfcaf1b8cd9294719"
url = "https://github.com/oven-sh/bun/releases/download/bun-v1.3.14/bun-linux-x64-musl.zip"

[tools.bun."platforms.linux-x64-musl-baseline"]
checksum = "sha256:56a7d6806cf155536c0178f0ea5fbd098e684fa509ebdb4fc0a7e19fb65382dc"
url = "https://github.com/oven-sh/bun/releases/download/bun-v1.3.14/bun-linux-x64-musl-baseline.zip"

[tools.bun."platforms.macos-arm64"]
checksum = "sha256:d8b96221828ad6f97ac7ac0ab7e95872341af763001e8803e8267652c2652620"
url = "https://github.com/oven-sh/bun/releases/download/bun-v1.3.14/bun-darwin-aarch64.zip"

[tools.bun."platforms.macos-x64"]
checksum = "sha256:4183df3374623e5bab315c547cfa0974533cd457d86b73b639f7a87974cd6633"
url = "https://github.com/oven-sh/bun/releases/download/bun-v1.3.14/bun-darwin-x64.zip"

[tools.bun."platforms.macos-x64-baseline"]
checksum = "sha256:3e35ad6f53971a9834bf9e6786e2adf72b5f1921cc9a9c5fde073d2972944076"
url = "https://github.com/oven-sh/bun/releases/download/bun-v1.3.14/bun-darwin-x64-baseline.zip"

[tools.bun."platforms.windows-x64"]
checksum = "sha256:0a0620930b6675d7ba440e81f4e0e00d3cfbe096c4b140d3fff02205e9e18922"
url = "https://github.com/oven-sh/bun/releases/download/bun-v1.3.14/bun-windows-x64.zip"

[tools.bun."platforms.windows-x64-baseline"]
checksum = "sha256:538f9c846355d9e847b2671bc00c47da4229a0befb24df3282b739770f3b475f"
url = "https://github.com/oven-sh/bun/releases/download/bun-v1.3.14/bun-windows-x64-baseline.zip"

[[tools."cargo:json-pp-rust"]]
version = "0.1.0"
backend = "cargo:json-pp-rust"

[[tools."cargo:jsonformat-cli"]]
version = "1.0.0"
backend = "cargo:jsonformat-cli"

[[tools."cargo:jsonice"]]
version = "0.2.1"
backend = "cargo:jsonice"

[[tools."cargo:jsonxf"]]
version = "1.1.1"
backend = "cargo:jsonxf"

[[tools."cargo:sjq"]]
version = "0.1.4"
backend = "cargo:sjq"

[[tools."github:caarlos0/jsonfmt"]]
version = "0.5.2"
backend = "github:caarlos0/jsonfmt"

[tools."github:caarlos0/jsonfmt"."platforms.linux-arm64"]
checksum = "sha256:07f6e76348fe4b3305cfc57e89ad53b590c7b20b8f06bf55a1c4bdfd22ada85d"
url = "https://github.com/caarlos0/jsonfmt/releases/download/v0.5.2/jsonfmt_0.5.2_linux_arm64.tar.gz"
url_api = "https://api.github.com/repos/caarlos0/jsonfmt/releases/assets/332545405"

[tools."github:caarlos0/jsonfmt"."platforms.linux-arm64-musl"]
checksum = "sha256:07f6e76348fe4b3305cfc57e89ad53b590c7b20b8f06bf55a1c4bdfd22ada85d"
url = "https://github.com/caarlos0/jsonfmt/releases/download/v0.5.2/jsonfmt_0.5.2_linux_arm64.tar.gz"
url_api = "https://api.github.com/repos/caarlos0/jsonfmt/releases/assets/332545405"

[tools."github:caarlos0/jsonfmt"."platforms.linux-x64"]
checksum = "sha256:62af811df23a85b7104b03b83c76b9f581e1d234f6248474811a1ae1c8141c63"
url = "https://github.com/caarlos0/jsonfmt/releases/download/v0.5.2/jsonfmt_0.5.2_linux_amd64.tar.gz"
url_api = "https://api.github.com/repos/caarlos0/jsonfmt/releases/assets/332545406"

[tools."github:caarlos0/jsonfmt"."platforms.linux-x64-baseline"]
checksum = "sha256:62af811df23a85b7104b03b83c76b9f581e1d234f6248474811a1ae1c8141c63"
url = "https://github.com/caarlos0/jsonfmt/releases/download/v0.5.2/jsonfmt_0.5.2_linux_amd64.tar.gz"
url_api = "https://api.github.com/repos/caarlos0/jsonfmt/releases/assets/332545406"

[tools."github:caarlos0/jsonfmt"."platforms.linux-x64-musl"]
checksum = "sha256:62af811df23a85b7104b03b83c76b9f581e1d234f6248474811a1ae1c8141c63"
url = "https://github.com/caarlos0/jsonfmt/releases/download/v0.5.2/jsonfmt_0.5.2_linux_amd64.tar.gz"
url_api = "https://api.github.com/repos/caarlos0/jsonfmt/releases/assets/332545406"

[tools."github:caarlos0/jsonfmt"."platforms.linux-x64-musl-baseline"]
checksum = "sha256:62af811df23a85b7104b03b83c76b9f581e1d234f6248474811a1ae1c8141c63"
url = "https://github.com/caarlos0/jsonfmt/releases/download/v0.5.2/jsonfmt_0.5.2_linux_amd64.tar.gz"
url_api = "https://api.github.com/repos/caarlos0/jsonfmt/releases/assets/332545406"

[tools."github:caarlos0/jsonfmt"."platforms.macos-arm64"]
checksum = "sha256:f104cc42aa5c9524367f37aa5895e1f2b608ec6ac03fe03e768ddcd001afca8b"
url = "https://github.com/caarlos0/jsonfmt/releases/download/v0.5.2/jsonfmt_0.5.2_darwin_all.tar.gz"
url_api = "https://api.github.com/repos/caarlos0/jsonfmt/releases/assets/332545407"

[tools."github:caarlos0/jsonfmt"."platforms.macos-x64"]
checksum = "sha256:f104cc42aa5c9524367f37aa5895e1f2b608ec6ac03fe03e768ddcd001afca8b"
url = "https://github.com/caarlos0/jsonfmt/releases/download/v0.5.2/jsonfmt_0.5.2_darwin_all.tar.gz"
url_api = "https://api.github.com/repos/caarlos0/jsonfmt/releases/assets/332545407"

[tools."github:caarlos0/jsonfmt"."platforms.macos-x64-baseline"]
checksum = "sha256:f104cc42aa5c9524367f37aa5895e1f2b608ec6ac03fe03e768ddcd001afca8b"
url = "https://github.com/caarlos0/jsonfmt/releases/download/v0.5.2/jsonfmt_0.5.2_darwin_all.tar.gz"
url_api = "https://api.github.com/repos/caarlos0/jsonfmt/releases/assets/332545407"

[tools."github:caarlos0/jsonfmt"."platforms.windows-x64"]
checksum = "sha256:b01f1b567edc0ecb20488319bd40db7a62405f32d5629fef96023b887eed3f0e"
url = "https://github.com/caarlos0/jsonfmt/releases/download/v0.5.2/jsonfmt_0.5.2_windows_amd64.tar.gz"
url_api = "https://api.github.com/repos/caarlos0/jsonfmt/releases/assets/332545410"

[tools."github:caarlos0/jsonfmt"."platforms.windows-x64-baseline"]
checksum = "sha256:b01f1b567edc0ecb20488319bd40db7a62405f32d5629fef96023b887eed3f0e"
url = "https://github.com/caarlos0/jsonfmt/releases/download/v0.5.2/jsonfmt_0.5.2_windows_amd64.tar.gz"
url_api = "https://api.github.com/repos/caarlos0/jsonfmt/releases/assets/332545410"

[[tools."github:sharkdp/hyperfine"]]
version = "1.20.0"
backend = "github:sharkdp/hyperfine"

[tools."github:sharkdp/hyperfine"."platforms.linux-arm64"]
checksum = "sha256:90875cb1db7a1d797c311174d061728361e58fc70e3b62262a00635ac3b1997c"
url = "https://github.com/sharkdp/hyperfine/releases/download/v1.20.0/hyperfine-v1.20.0-aarch64-unknown-linux-gnu.tar.gz"
url_api = "https://api.github.com/repos/sharkdp/hyperfine/releases/assets/317832112"

[tools."github:sharkdp/hyperfine"."platforms.linux-arm64-musl"]
checksum = "sha256:90875cb1db7a1d797c311174d061728361e58fc70e3b62262a00635ac3b1997c"
url = "https://github.com/sharkdp/hyperfine/releases/download/v1.20.0/hyperfine-v1.20.0-aarch64-unknown-linux-gnu.tar.gz"
url_api = "https://api.github.com/repos/sharkdp/hyperfine/releases/assets/317832112"

[tools."github:sharkdp/hyperfine"."platforms.linux-x64"]
checksum = "sha256:63ad53934062118f5b0be11785e0bb1603d4b91667d1921f2fd8df9a8712040a"
url = "https://github.com/sharkdp/hyperfine/releases/download/v1.20.0/hyperfine-v1.20.0-x86_64-unknown-linux-gnu.tar.gz"
url_api = "https://api.github.com/repos/sharkdp/hyperfine/releases/assets/317831911"

[tools."github:sharkdp/hyperfine"."platforms.linux-x64-baseline"]
checksum = "sha256:63ad53934062118f5b0be11785e0bb1603d4b91667d1921f2fd8df9a8712040a"
url = "https://github.com/sharkdp/hyperfine/releases/download/v1.20.0/hyperfine-v1.20.0-x86_64-unknown-linux-gnu.tar.gz"
url_api = "https://api.github.com/repos/sharkdp/hyperfine/releases/assets/317831911"

[tools."github:sharkdp/hyperfine"."platforms.linux-x64-musl"]
checksum = "sha256:3285ec7959285288137043dd81dce0dde056227018a8277532d9a364b4f03c2b"
url = "https://github.com/sharkdp/hyperfine/releases/download/v1.20.0/hyperfine-v1.20.0-x86_64-unknown-linux-musl.tar.gz"
url_api = "https://api.github.com/repos/sharkdp/hyperfine/releases/assets/317832008"

[tools."github:sharkdp/hyperfine"."platforms.linux-x64-musl-baseline"]
checksum = "sha256:3285ec7959285288137043dd81dce0dde056227018a8277532d9a364b4f03c2b"
url = "https://github.com/sharkdp/hyperfine/releases/download/v1.20.0/hyperfine-v1.20.0-x86_64-unknown-linux-musl.tar.gz"
url_api = "https://api.github.com/repos/sharkdp/hyperfine/releases/assets/317832008"

[tools."github:sharkdp/hyperfine"."platforms.macos-arm64"]
checksum = "sha256:8ee7067016620447c9d2d6234ec9a4680f958b7ad983549b56334668f63075b5"
url = "https://github.com/sharkdp/hyperfine/releases/download/v1.20.0/hyperfine-v1.20.0-aarch64-apple-darwin.tar.gz"
url_api = "https://api.github.com/repos/sharkdp/hyperfine/releases/assets/317831785"

[tools."github:sharkdp/hyperfine"."platforms.macos-x64"]
checksum = "sha256:f58d0b90993fadfa122a351428c469ce24afef3865f027f0e6e86f0830d088f1"
url = "https://github.com/sharkdp/hyperfine/releases/download/v1.20.0/hyperfine-v1.20.0-x86_64-apple-darwin.tar.gz"
url_api = "https://api.github.com/repos/sharkdp/hyperfine/releases/assets/317832526"

[tools."github:sharkdp/hyperfine"."platforms.macos-x64-baseline"]
checksum = "sha256:f58d0b90993fadfa122a351428c469ce24afef3865f027f0e6e86f0830d088f1"
url = "https://github.com/sharkdp/hyperfine/releases/download/v1.20.0/hyperfine-v1.20.0-x86_64-apple-darwin.tar.gz"
url_api = "https://api.github.com/repos/sharkdp/hyperfine/releases/assets/317832526"

[tools."github:sharkdp/hyperfine"."platforms.windows-x64"]
checksum = "sha256:2508c549b049b1d4342d08edc1cb42bfac169082b6e3069431b5bab9822dbb32"
url = "https://github.com/sharkdp/hyperfine/releases/download/v1.20.0/hyperfine-v1.20.0-x86_64-pc-windows-msvc.zip"
url_api = "https://api.github.com/repos/sharkdp/hyperfine/releases/assets/317832313"

[tools."github:sharkdp/hyperfine"."platforms.windows-x64-baseline"]
checksum = "sha256:2508c549b049b1d4342d08edc1cb42bfac169082b6e3069431b5bab9822dbb32"
url = "https://github.com/sharkdp/hyperfine/releases/download/v1.20.0/hyperfine-v1.20.0-x86_64-pc-windows-msvc.zip"
url_api = "https://api.github.com/repos/sharkdp/hyperfine/releases/assets/317832313"

[[tools."github:swaggest/json-cli"]]
version = "1.11.2"
backend = "github:swaggest/json-cli"

[tools."github:swaggest/json-cli"."platforms.linux-arm64"]
url = "https://github.com/swaggest/json-cli/releases/download/v1.11.2/json-cli.tar.gz"
url_api = "https://api.github.com/repos/swaggest/json-cli/releases/assets/141365157"

[tools."github:swaggest/json-cli"."platforms.linux-arm64-musl"]
url = "https://github.com/swaggest/json-cli/releases/download/v1.11.2/json-cli.tar.gz"
url_api = "https://api.github.com/repos/swaggest/json-cli/releases/assets/141365157"

[tools."github:swaggest/json-cli"."platforms.linux-x64"]
url = "https://github.com/swaggest/json-cli/releases/download/v1.11.2/json-cli.tar.gz"
url_api = "https://api.github.com/repos/swaggest/json-cli/releases/assets/141365157"

[tools."github:swaggest/json-cli"."platforms.linux-x64-baseline"]
url = "https://github.com/swaggest/json-cli/releases/download/v1.11.2/json-cli.tar.gz"
url_api = "https://api.github.com/repos/swaggest/json-cli/releases/assets/141365157"

[tools."github:swaggest/json-cli"."platforms.linux-x64-musl"]
url = "https://github.com/swaggest/json-cli/releases/download/v1.11.2/json-cli.tar.gz"
url_api = "https://api.github.com/repos/swaggest/json-cli/releases/assets/141365157"

[tools."github:swaggest/json-cli"."platforms.linux-x64-musl-baseline"]
url = "https://github.com/swaggest/json-cli/releases/download/v1.11.2/json-cli.tar.gz"
url_api = "https://api.github.com/repos/swaggest/json-cli/releases/assets/141365157"

[tools."github:swaggest/json-cli"."platforms.macos-arm64"]
url = "https://github.com/swaggest/json-cli/releases/download/v1.11.2/json-cli.tar.gz"
url_api = "https://api.github.com/repos/swaggest/json-cli/releases/assets/141365157"

[tools."github:swaggest/json-cli"."platforms.macos-x64"]
url = "https://github.com/swaggest/json-cli/releases/download/v1.11.2/json-cli.tar.gz"
url_api = "https://api.github.com/repos/swaggest/json-cli/releases/assets/141365157"

[tools."github:swaggest/json-cli"."platforms.macos-x64-baseline"]
url = "https://github.com/swaggest/json-cli/releases/download/v1.11.2/json-cli.tar.gz"
url_api = "https://api.github.com/repos/swaggest/json-cli/releases/assets/141365157"

[tools."github:swaggest/json-cli"."platforms.windows-x64"]
url = "https://github.com/swaggest/json-cli/releases/download/v1.11.2/json-cli.tar.gz"
url_api = "https://api.github.com/repos/swaggest/json-cli/releases/assets/141365157"

[tools."github:swaggest/json-cli"."platforms.windows-x64-baseline"]
url = "https://github.com/swaggest/json-cli/releases/download/v1.11.2/json-cli.tar.gz"
url_api = "https://api.github.com/repos/swaggest/json-cli/releases/assets/141365157"

[[tools."github:tdewolff/minify"]]
version = "2.24.13"
backend = "github:tdewolff/minify"

[tools."github:tdewolff/minify"."platforms.linux-arm64"]
checksum = "sha256:927bfbb693985a4671618ff19cd331f348c0a6b79ccd23a04cd9a58e70ce8221"
url = "https://github.com/tdewolff/minify/releases/download/v2.24.13/minify_linux_arm64.tar.gz"
url_api = "https://api.github.com/repos/tdewolff/minify/releases/assets/404378935"

[tools."github:tdewolff/minify"."platforms.linux-arm64-musl"]
checksum = "sha256:927bfbb693985a4671618ff19cd331f348c0a6b79ccd23a04cd9a58e70ce8221"
url = "https://github.com/tdewolff/minify/releases/download/v2.24.13/minify_linux_arm64.tar.gz"
url_api = "https://api.github.com/repos/tdewolff/minify/releases/assets/404378935"

[tools."github:tdewolff/minify"."platforms.linux-x64"]
checksum = "sha256:6cdd5c8c1d605d60f48a2f4a654595235f1fb50f804b107f72f6a6c87240a1bd"
url = "https://github.com/tdewolff/minify/releases/download/v2.24.13/minify_linux_amd64.tar.gz"
url_api = "https://api.github.com/repos/tdewolff/minify/releases/assets/404378926"

[tools."github:tdewolff/minify"."platforms.linux-x64-baseline"]
checksum = "sha256:6cdd5c8c1d605d60f48a2f4a654595235f1fb50f804b107f72f6a6c87240a1bd"
url = "https://github.com/tdewolff/minify/releases/download/v2.24.13/minify_linux_amd64.tar.gz"
url_api = "https://api.github.com/repos/tdewolff/minify/releases/assets/404378926"

[tools."github:tdewolff/minify"."platforms.linux-x64-musl"]
checksum = "sha256:6cdd5c8c1d605d60f48a2f4a654595235f1fb50f804b107f72f6a6c87240a1bd"
url = "https://github.com/tdewolff/minify/releases/download/v2.24.13/minify_linux_amd64.tar.gz"
url_api = "https://api.github.com/repos/tdewolff/minify/releases/assets/404378926"

[tools."github:tdewolff/minify"."platforms.linux-x64-musl-baseline"]
checksum = "sha256:6cdd5c8c1d605d60f48a2f4a654595235f1fb50f804b107f72f6a6c87240a1bd"
url = "https://github.com/tdewolff/minify/releases/download/v2.24.13/minify_linux_amd64.tar.gz"
url_api = "https://api.github.com/repos/tdewolff/minify/releases/assets/404378926"

[tools."github:tdewolff/minify"."platforms.macos-arm64"]
checksum = "sha256:9b70745adaeba8d2eb14f5e4fc24d63d0ac95c74e329d64c7a4664157da8dbf1"
url = "https://github.com/tdewolff/minify/releases/download/v2.24.13/minify_darwin_arm64.tar.gz"
url_api = "https://api.github.com/repos/tdewolff/minify/releases/assets/404378898"

[tools."github:tdewolff/minify"."platforms.macos-x64"]
checksum = "sha256:bc5e36e17c7d6e49fa5601b2ba3b211709f06270efb56d6352fa37510e033a74"
url = "https://github.com/tdewolff/minify/releases/download/v2.24.13/minify_darwin_amd64.tar.gz"
url_api = "https://api.github.com/repos/tdewolff/minify/releases/assets/404378888"

[tools."github:tdewolff/minify"."platforms.macos-x64-baseline"]
checksum = "sha256:bc5e36e17c7d6e49fa5601b2ba3b211709f06270efb56d6352fa37510e033a74"
url = "https://github.com/tdewolff/minify/releases/download/v2.24.13/minify_darwin_amd64.tar.gz"
url_api = "https://api.github.com/repos/tdewolff/minify/releases/assets/404378888"

[tools."github:tdewolff/minify"."platforms.windows-x64"]
checksum = "sha256:3e534953648244fb9b9988545db0e7684204a2d0ef6d4c9a9a1213439f2e0a8c"
url = "https://github.com/tdewolff/minify/releases/download/v2.24.13/minify_windows_amd64.zip"
url_api = "https://api.github.com/repos/tdewolff/minify/releases/assets/404378960"

[tools."github:tdewolff/minify"."platforms.windows-x64-baseline"]
checksum = "sha256:3e534953648244fb9b9988545db0e7684204a2d0ef6d4c9a9a1213439f2e0a8c"
url = "https://github.com/tdewolff/minify/releases/download/v2.24.13/minify_windows_amd64.zip"
url_api = "https://api.github.com/repos/tdewolff/minify/releases/assets/404378960"

[[tools."github:tidwall/jj"]]
version = "1.9.2"
backend = "github:tidwall/jj"

[tools."github:tidwall/jj"."platforms.linux-x64"]
url = "https://github.com/tidwall/jj/releases/download/v1.9.2/jj-1.9.2-linux-amd64.tar.gz"
url_api = "https://api.github.com/repos/tidwall/jj/releases/assets/55628041"

[tools."github:tidwall/jj"."platforms.linux-x64-baseline"]
url = "https://github.com/tidwall/jj/releases/download/v1.9.2/jj-1.9.2-linux-amd64.tar.gz"
url_api = "https://api.github.com/repos/tidwall/jj/releases/assets/55628041"

[tools."github:tidwall/jj"."platforms.linux-x64-musl"]
url = "https://github.com/tidwall/jj/releases/download/v1.9.2/jj-1.9.2-linux-amd64.tar.gz"
url_api = "https://api.github.com/repos/tidwall/jj/releases/assets/55628041"

[tools."github:tidwall/jj"."platforms.linux-x64-musl-baseline"]
url = "https://github.com/tidwall/jj/releases/download/v1.9.2/jj-1.9.2-linux-amd64.tar.gz"
url_api = "https://api.github.com/repos/tidwall/jj/releases/assets/55628041"

[tools."github:tidwall/jj"."platforms.macos-x64"]
url = "https://github.com/tidwall/jj/releases/download/v1.9.2/jj-1.9.2-darwin-amd64.zip"
url_api = "https://api.github.com/repos/tidwall/jj/releases/assets/55628033"

[tools."github:tidwall/jj"."platforms.macos-x64-baseline"]
url = "https://github.com/tidwall/jj/releases/download/v1.9.2/jj-1.9.2-darwin-amd64.zip"
url_api = "https://api.github.com/repos/tidwall/jj/releases/assets/55628033"

[tools."github:tidwall/jj"."platforms.windows-x64"]
url = "https://github.com/tidwall/jj/releases/download/v1.9.2/jj-1.9.2-windows-amd64.zip"
url_api = "https://api.github.com/repos/tidwall/jj/releases/assets/55628043"

[tools."github:tidwall/jj"."platforms.windows-x64-baseline"]
url = "https://github.com/tidwall/jj/releases/download/v1.9.2/jj-1.9.2-windows-amd64.zip"
url_api = "https://api.github.com/repos/tidwall/jj/releases/assets/55628043"

[[tools.gojq]]
version = "0.12.19"
backend = "aqua:itchyny/gojq"

[tools.gojq."platforms.linux-arm64"]
checksum = "sha256:b22794b4bebad11c42af52550bda317c5cd7ee79aaa729eb6ec91a63f623d8b5"
url = "https://github.com/itchyny/gojq/releases/download/v0.12.19/gojq_v0.12.19_linux_arm64.tar.gz"

[tools.gojq."platforms.linux-arm64-musl"]
checksum = "sha256:b22794b4bebad11c42af52550bda317c5cd7ee79aaa729eb6ec91a63f623d8b5"
url = "https://github.com/itchyny/gojq/releases/download/v0.12.19/gojq_v0.12.19_linux_arm64.tar.gz"

[tools.gojq."platforms.linux-x64"]
checksum = "sha256:bdfaf9acbe088973c549dadbf299c06dc9a84f1ca38c731ca04a08a901077f64"
url = "https://github.com/itchyny/gojq/releases/download/v0.12.19/gojq_v0.12.19_linux_amd64.tar.gz"

[tools.gojq."platforms.linux-x64-baseline"]
checksum = "sha256:bdfaf9acbe088973c549dadbf299c06dc9a84f1ca38c731ca04a08a901077f64"
url = "https://github.com/itchyny/gojq/releases/download/v0.12.19/gojq_v0.12.19_linux_amd64.tar.gz"

[tools.gojq."platforms.linux-x64-musl"]
checksum = "sha256:bdfaf9acbe088973c549dadbf299c06dc9a84f1ca38c731ca04a08a901077f64"
url = "https://github.com/itchyny/gojq/releases/download/v0.12.19/gojq_v0.12.19_linux_amd64.tar.gz"

[tools.gojq."platforms.linux-x64-musl-baseline"]
checksum = "sha256:bdfaf9acbe088973c549dadbf299c06dc9a84f1ca38c731ca04a08a901077f64"
url = "https://github.com/itchyny/gojq/releases/download/v0.12.19/gojq_v0.12.19_linux_amd64.tar.gz"

[tools.gojq."platforms.macos-arm64"]
checksum = "sha256:40208d4c385c5cebe3798f9d5a30ff1123537d66e171f2450a110347933482f7"
url = "https://github.com/itchyny/gojq/releases/download/v0.12.19/gojq_v0.12.19_darwin_arm64.zip"

[tools.gojq."platforms.macos-x64"]
checksum = "sha256:e8816cd2e1a276a03ed8f902475d2ed641043295f420aadc623929d717cd4314"
url = "https://github.com/itchyny/gojq/releases/download/v0.12.19/gojq_v0.12.19_darwin_amd64.zip"

[tools.gojq."platforms.macos-x64-baseline"]
checksum = "sha256:e8816cd2e1a276a03ed8f902475d2ed641043295f420aadc623929d717cd4314"
url = "https://github.com/itchyny/gojq/releases/download/v0.12.19/gojq_v0.12.19_darwin_amd64.zip"

[tools.gojq."platforms.windows-x64"]
checksum = "sha256:e7e874d54158c415aa22a8b5bafd8fe7b457b14d51c7033f7414155a907f52a0"
url = "https://github.com/itchyny/gojq/releases/download/v0.12.19/gojq_v0.12.19_windows_amd64.zip"

[tools.gojq."platforms.windows-x64-baseline"]
checksum = "sha256:e7e874d54158c415aa22a8b5bafd8fe7b457b14d51c7033f7414155a907f52a0"
url = "https://github.com/itchyny/gojq/releases/download/v0.12.19/gojq_v0.12.19_windows_amd64.zip"

[[tools.jaq]]
version = "3.1.0"
backend = "aqua:01mf02/jaq"

[tools.jaq."platforms.linux-arm64"]
checksum = "sha256:80fbbb82008d5f4dd3bb378740faf784445184429f2ba082e6b1fbf76360c251"
url = "https://github.com/01mf02/jaq/releases/download/v3.1.0/jaq-aarch64-unknown-linux-gnu"

[tools.jaq."platforms.linux-x64"]
checksum = "sha256:e860b9d74cdc5a55327415ba7b7897843dbfb74aa2d1ebfe15f27102848104ea"
url = "https://github.com/01mf02/jaq/releases/download/v3.1.0/jaq-x86_64-unknown-linux-musl"

[tools.jaq."platforms.linux-x64-baseline"]
checksum = "sha256:e860b9d74cdc5a55327415ba7b7897843dbfb74aa2d1ebfe15f27102848104ea"
url = "https://github.com/01mf02/jaq/releases/download/v3.1.0/jaq-x86_64-unknown-linux-musl"

[tools.jaq."platforms.linux-x64-musl"]
checksum = "sha256:e860b9d74cdc5a55327415ba7b7897843dbfb74aa2d1ebfe15f27102848104ea"
url = "https://github.com/01mf02/jaq/releases/download/v3.1.0/jaq-x86_64-unknown-linux-musl"

[tools.jaq."platforms.linux-x64-musl-baseline"]
checksum = "sha256:e860b9d74cdc5a55327415ba7b7897843dbfb74aa2d1ebfe15f27102848104ea"
url = "https://github.com/01mf02/jaq/releases/download/v3.1.0/jaq-x86_64-unknown-linux-musl"

[tools.jaq."platforms.macos-arm64"]
checksum = "sha256:56dd7006a4d8d9d5a0b599fba844e94fc9c4013551a0c997cf93e0950dd3736d"
url = "https://github.com/01mf02/jaq/releases/download/v3.1.0/jaq-aarch64-apple-darwin"

[tools.jaq."platforms.macos-x64"]
checksum = "sha256:7ef31a6f506e23be8ffee1116a4764b8761628432928aea4db2e9b8a22c28999"
url = "https://github.com/01mf02/jaq/releases/download/v3.1.0/jaq-x86_64-apple-darwin"

[tools.jaq."platforms.macos-x64-baseline"]
checksum = "sha256:7ef31a6f506e23be8ffee1116a4764b8761628432928aea4db2e9b8a22c28999"
url = "https://github.com/01mf02/jaq/releases/download/v3.1.0/jaq-x86_64-apple-darwin"

[tools.jaq."platforms.windows-x64"]
checksum = "sha256:8f4acdbd567f5f4615d95c64b0409f6d73d1597a8b1d847efae50aeacde5a43a"
url = "https://github.com/01mf02/jaq/releases/download/v3.1.0/jaq-x86_64-pc-windows-msvc.exe"

[tools.jaq."platforms.windows-x64-baseline"]
checksum = "sha256:8f4acdbd567f5f4615d95c64b0409f6d73d1597a8b1d847efae50aeacde5a43a"
url = "https://github.com/01mf02/jaq/releases/download/v3.1.0/jaq-x86_64-pc-windows-msvc.exe"

[[tools.jq]]
version = "1.8.1"
backend = "aqua:jqlang/jq"

[tools.jq."platforms.linux-arm64"]
checksum = "sha256:6bc62f25981328edd3cfcfe6fe51b073f2d7e7710d7ef7fcdac28d4e384fc3d4"
url = "https://github.com/jqlang/jq/releases/download/jq-1.8.1/jq-linux-arm64"
provenance = "github-attestations"

[tools.jq."platforms.linux-arm64-musl"]
checksum = "sha256:6bc62f25981328edd3cfcfe6fe51b073f2d7e7710d7ef7fcdac28d4e384fc3d4"
url = "https://github.com/jqlang/jq/releases/download/jq-1.8.1/jq-linux-arm64"
provenance = "github-attestations"

[tools.jq."platforms.linux-x64"]
checksum = "sha256:020468de7539ce70ef1bceaf7cde2e8c4f2ca6c3afb84642aabc5c97d9fc2a0d"
url = "https://github.com/jqlang/jq/releases/download/jq-1.8.1/jq-linux-amd64"
provenance = "github-attestations"

[tools.jq."platforms.linux-x64-baseline"]
checksum = "sha256:020468de7539ce70ef1bceaf7cde2e8c4f2ca6c3afb84642aabc5c97d9fc2a0d"
url = "https://github.com/jqlang/jq/releases/download/jq-1.8.1/jq-linux-amd64"
provenance = "github-attestations"

[tools.jq."platforms.linux-x64-musl"]
checksum = "sha256:020468de7539ce70ef1bceaf7cde2e8c4f2ca6c3afb84642aabc5c97d9fc2a0d"
url = "https://github.com/jqlang/jq/releases/download/jq-1.8.1/jq-linux-amd64"
provenance = "github-attestations"

[tools.jq."platforms.linux-x64-musl-baseline"]
checksum = "sha256:020468de7539ce70ef1bceaf7cde2e8c4f2ca6c3afb84642aabc5c97d9fc2a0d"
url = "https://github.com/jqlang/jq/releases/download/jq-1.8.1/jq-linux-amd64"
provenance = "github-attestations"

[tools.jq."platforms.macos-arm64"]
checksum = "sha256:a9fe3ea2f86dfc72f6728417521ec9067b343277152b114f4e98d8cb0e263603"
url = "https://github.com/jqlang/jq/releases/download/jq-1.8.1/jq-macos-arm64"
provenance = "github-attestations"

[tools.jq."platforms.macos-x64"]
checksum = "sha256:e80dbe0d2a2597e3c11c404f03337b981d74b4a8504b70586c354b7697a7c27f"
url = "https://github.com/jqlang/jq/releases/download/jq-1.8.1/jq-macos-amd64"
provenance = "github-attestations"

[tools.jq."platforms.macos-x64-baseline"]
checksum = "sha256:e80dbe0d2a2597e3c11c404f03337b981d74b4a8504b70586c354b7697a7c27f"
url = "https://github.com/jqlang/jq/releases/download/jq-1.8.1/jq-macos-amd64"
provenance = "github-attestations"

[tools.jq."platforms.windows-x64"]
checksum = "sha256:23cb60a1354eed6bcc8d9b9735e8c7b388cd1fdcb75726b93bc299ef22dd9334"
url = "https://github.com/jqlang/jq/releases/download/jq-1.8.1/jq-windows-amd64.exe"
provenance = "github-attestations"

[tools.jq."platforms.windows-x64-baseline"]
checksum = "sha256:23cb60a1354eed6bcc8d9b9735e8c7b388cd1fdcb75726b93bc299ef22dd9334"
url = "https://github.com/jqlang/jq/releases/download/jq-1.8.1/jq-windows-amd64.exe"
provenance = "github-attestations"

[[tools."npm:json-minify"]]
version = "1.0.0"
backend = "npm:json-minify"

[[tools."npm:oxfmt"]]
version = "0.55.0"
backend = "npm:oxfmt"

[[tools."npm:prettier"]]
version = "3.8.4"
backend = "npm:prettier"

[[tools.python]]
version = "3.14.6"
backend = "core:python"

[tools.python."platforms.linux-arm64"]
checksum = "sha256:9124d5c41739d78a446f1f29c1953bf41071abcbf18e6daec201a27608648195"
url = "https://github.com/astral-sh/python-build-standalone/releases/download/20260610/cpython-3.14.6+20260610-aarch64-unknown-linux-gnu-install_only_stripped.tar.gz"
provenance = "github-attestations"

[tools.python."platforms.linux-arm64-musl"]
checksum = "sha256:5c75bea22f425ebc94912c618518a5aa4753eedeea6b5da5939f027d3a9c0fec"
url = "https://github.com/astral-sh/python-build-standalone/releases/download/20260610/cpython-3.14.6+20260610-aarch64-unknown-linux-musl-install_only_stripped.tar.gz"
provenance = "github-attestations"

[tools.python."platforms.linux-x64"]
checksum = "sha256:0881fbde2c78605720fb2e240d1a6df38652a896e40a5fce2e10908dbee5f5b7"
url = "https://github.com/astral-sh/python-build-standalone/releases/download/20260610/cpython-3.14.6+20260610-x86_64-unknown-linux-gnu-install_only_stripped.tar.gz"
provenance = "github-attestations"

[tools.python."platforms.linux-x64-baseline"]
checksum = "sha256:0881fbde2c78605720fb2e240d1a6df38652a896e40a5fce2e10908dbee5f5b7"
url = "https://github.com/astral-sh/python-build-standalone/releases/download/20260610/cpython-3.14.6+20260610-x86_64-unknown-linux-gnu-install_only_stripped.tar.gz"
provenance = "github-attestations"

[tools.python."platforms.linux-x64-musl"]
checksum = "sha256:54eca143d09ed3c596ecad5e3bfcb7724387818f8f984f44f3d8c0e9f36681d3"
url = "https://github.com/astral-sh/python-build-standalone/releases/download/20260610/cpython-3.14.6+20260610-x86_64-unknown-linux-musl-install_only_stripped.tar.gz"
provenance = "github-attestations"

[tools.python."platforms.linux-x64-musl-baseline"]
checksum = "sha256:54eca143d09ed3c596ecad5e3bfcb7724387818f8f984f44f3d8c0e9f36681d3"
url = "https://github.com/astral-sh/python-build-standalone/releases/download/20260610/cpython-3.14.6+20260610-x86_64-unknown-linux-musl-install_only_stripped.tar.gz"
provenance = "github-attestations"

[tools.python."platforms.macos-arm64"]
checksum = "sha256:875516e13be36296f8f7dd0972b22ba3bed069ed08d27d5f0069caf227522921"
url = "https://github.com/astral-sh/python-build-standalone/releases/download/20260610/cpython-3.14.6+20260610-aarch64-apple-darwin-install_only_stripped.tar.gz"
provenance = "github-attestations"

[tools.python."platforms.macos-x64"]
checksum = "sha256:6f85cbb2a0fef4b90fc63aadcfe383c22db5eb7933066ca6ea384828a6b3f2d2"
url = "https://github.com/astral-sh/python-build-standalone/releases/download/20260610/cpython-3.14.6+20260610-x86_64-apple-darwin-install_only_stripped.tar.gz"
provenance = "github-attestations"

[tools.python."platforms.macos-x64-baseline"]
checksum = "sha256:6f85cbb2a0fef4b90fc63aadcfe383c22db5eb7933066ca6ea384828a6b3f2d2"
url = "https://github.com/astral-sh/python-build-standalone/releases/download/20260610/cpython-3.14.6+20260610-x86_64-apple-darwin-install_only_stripped.tar.gz"
provenance = "github-attestations"

[tools.python."platforms.windows-x64"]
checksum = "sha256:49f0c7e8d1c2eaba70c5516ca6c01b6b766f6ff473f1209a76fd01783e7c75ae"
url = "https://github.com/astral-sh/python-build-standalone/releases/download/20260610/cpython-3.14.6+20260610-x86_64-pc-windows-msvc-install_only_stripped.tar.gz"
provenance = "github-attestations"

[tools.python."platforms.windows-x64-baseline"]
checksum = "sha256:49f0c7e8d1c2eaba70c5516ca6c01b6b766f6ff473f1209a76fd01783e7c75ae"
url = "https://github.com/astral-sh/python-build-standalone/releases/download/20260610/cpython-3.14.6+20260610-x86_64-pc-windows-msvc-install_only_stripped.tar.gz"
provenance = "github-attestations"

[[tools.uv]]
version = "0.11.23"
backend = "aqua:astral-sh/uv"

[tools.uv."platforms.linux-arm64"]
checksum = "sha256:80efb615b78c1e5721e5858135cd3499609b26741220332c843bd58936053bc6"
url = "https://github.com/astral-sh/uv/releases/download/0.11.23/uv-aarch64-unknown-linux-musl.tar.gz"
provenance = "github-attestations"

[tools.uv."platforms.linux-arm64-musl"]
checksum = "sha256:80efb615b78c1e5721e5858135cd3499609b26741220332c843bd58936053bc6"
url = "https://github.com/astral-sh/uv/releases/download/0.11.23/uv-aarch64-unknown-linux-musl.tar.gz"
provenance = "github-attestations"

[tools.uv."platforms.linux-x64"]
checksum = "sha256:6be47081100ff1ce0ac7e85ba2ac12e32f2ffa6f946d78bf7f24ee9ce3a46181"
url = "https://github.com/astral-sh/uv/releases/download/0.11.23/uv-x86_64-unknown-linux-musl.tar.gz"
provenance = "github-attestations"

[tools.uv."platforms.linux-x64-baseline"]
checksum = "sha256:6be47081100ff1ce0ac7e85ba2ac12e32f2ffa6f946d78bf7f24ee9ce3a46181"
url = "https://github.com/astral-sh/uv/releases/download/0.11.23/uv-x86_64-unknown-linux-musl.tar.gz"
provenance = "github-attestations"

[tools.uv."platforms.linux-x64-musl"]
checksum = "sha256:6be47081100ff1ce0ac7e85ba2ac12e32f2ffa6f946d78bf7f24ee9ce3a46181"
url = "https://github.com/astral-sh/uv/releases/download/0.11.23/uv-x86_64-unknown-linux-musl.tar.gz"
provenance = "github-attestations"

[tools.uv."platforms.linux-x64-musl-baseline"]
checksum = "sha256:6be47081100ff1ce0ac7e85ba2ac12e32f2ffa6f946d78bf7f24ee9ce3a46181"
url = "https://github.com/astral-sh/uv/releases/download/0.11.23/uv-x86_64-unknown-linux-musl.tar.gz"
provenance = "github-attestations"

[tools.uv."platforms.macos-arm64"]
checksum = "sha256:71ef9de85db820749b3b12b7585624ee279e9c5afcbc6f8236bc3d628c4305b0"
url = "https://github.com/astral-sh/uv/releases/download/0.11.23/uv-aarch64-apple-darwin.tar.gz"
provenance = "github-attestations"

[tools.uv."platforms.macos-x64"]
checksum = "sha256:7a88155033cc469bba5bd5a24212e355eb92e3e2a276320b669ec576296c1e25"
url = "https://github.com/astral-sh/uv/releases/download/0.11.23/uv-x86_64-apple-darwin.tar.gz"
provenance = "github-attestations"

[tools.uv."platforms.macos-x64-baseline"]
checksum = "sha256:7a88155033cc469bba5bd5a24212e355eb92e3e2a276320b669ec576296c1e25"
url = "https://github.com/astral-sh/uv/releases/download/0.11.23/uv-x86_64-apple-darwin.tar.gz"
provenance = "github-attestations"

[tools.uv."platforms.windows-x64"]
checksum = "sha256:02ad29f07e674d68726ba3bb1ff25b335d83515756e2b1a194bb56c3cc30e07c"
url = "https://github.com/astral-sh/uv/releases/download/0.11.23/uv-x86_64-pc-windows-msvc.zip"
provenance = "github-attestations"

[tools.uv."platforms.windows-x64-baseline"]
checksum = "sha256:02ad29f07e674d68726ba3bb1ff25b335d83515756e2b1a194bb56c3cc30e07c"
url = "https://github.com/astral-sh/uv/releases/download/0.11.23/uv-x86_64-pc-windows-msvc.zip"
provenance = "github-attestations"
