# @generated - this file is auto-generated by `mise lock` https://mise.en.dev/dev-tools/mise-lock.html

[[tools.bun]]
version = "1.3.14"
backend = "core:bun"

[tools.bun."platforms.linux-arm64"]
checksum = "sha256:a27ffb63a8310375836e0d6f668ae17fa8d8d18b88c37c821c65331973a19a3b"
url = "https://github.com/oven-sh/bun/releases/download/bun-v1.3.14/bun-linux-aarch64.zip"

[tools.bun."platforms.linux-arm64-musl"]
checksum = "sha256:b98e0ad3625c5c00d1d5b5ff55605c7adddbfae151861e68ade57b2d3b8703bb"
url = "https://github.com/oven-sh/bun/releases/download/bun-v1.3.14/bun-linux-aarch64-musl.zip"

[tools.bun."platforms.linux-x64"]
checksum = "sha256:951ee2aee855f08595aeec6225226a298d3fea83a3dcd6465c09cbccdf7e848f"
url = "https://github.com/oven-sh/bun/releases/download/bun-v1.3.14/bun-linux-x64.zip"

[tools.bun."platforms.linux-x64-baseline"]
checksum = "sha256:a063908ae08b7852ca10939bbdc6ceed3ddabce8fb9402dce83d65d73b36e6c7"
url = "https://github.com/oven-sh/bun/releases/download/bun-v1.3.14/bun-linux-x64-baseline.zip"

[tools.bun."platforms.linux-x64-musl"]
checksum = "sha256:14bd9aedeebf1dba67e8def9531c89bc989ecfdf1de42e5bfcaf1b8cd9294719"
url = "https://github.com/oven-sh/bun/releases/download/bun-v1.3.14/bun-linux-x64-musl.zip"

[tools.bun."platforms.linux-x64-musl-baseline"]
checksum = "sha256:56a7d6806cf155536c0178f0ea5fbd098e684fa509ebdb4fc0a7e19fb65382dc"
url = "https://github.com/oven-sh/bun/releases/download/bun-v1.3.14/bun-linux-x64-musl-baseline.zip"

[tools.bun."platforms.macos-arm64"]
checksum = "sha256:d8b96221828ad6f97ac7ac0ab7e95872341af763001e8803e8267652c2652620"
url = "https://github.com/oven-sh/bun/releases/download/bun-v1.3.14/bun-darwin-aarch64.zip"

[tools.bun."platforms.macos-x64"]
checksum = "sha256:4183df3374623e5bab315c547cfa0974533cd457d86b73b639f7a87974cd6633"
url = "https://github.com/oven-sh/bun/releases/download/bun-v1.3.14/bun-darwin-x64.zip"

[tools.bun."platforms.macos-x64-baseline"]
checksum = "sha256:3e35ad6f53971a9834bf9e6786e2adf72b5f1921cc9a9c5fde073d2972944076"
url = "https://github.com/oven-sh/bun/releases/download/bun-v1.3.14/bun-darwin-x64-baseline.zip"

[tools.bun."platforms.windows-x64"]
checksum = "sha256:0a0620930b6675d7ba440e81f4e0e00d3cfbe096c4b140d3fff02205e9e18922"
url = "https://github.com/oven-sh/bun/releases/download/bun-v1.3.14/bun-windows-x64.zip"

[tools.bun."platforms.windows-x64-baseline"]
checksum = "sha256:538f9c846355d9e847b2671bc00c47da4229a0befb24df3282b739770f3b475f"
url = "https://github.com/oven-sh/bun/releases/download/bun-v1.3.14/bun-windows-x64-baseline.zip"

[[tools."github:caarlos0/jsonfmt"]]
version = "0.5.2"
backend = "github:caarlos0/jsonfmt"

[tools."github:caarlos0/jsonfmt"."platforms.linux-arm64"]
checksum = "sha256:07f6e76348fe4b3305cfc57e89ad53b590c7b20b8f06bf55a1c4bdfd22ada85d"
url = "https://github.com/caarlos0/jsonfmt/releases/download/v0.5.2/jsonfmt_0.5.2_linux_arm64.tar.gz"
url_api = "https://api.github.com/repos/caarlos0/jsonfmt/releases/assets/332545405"

[tools."github:caarlos0/jsonfmt"."platforms.linux-arm64-musl"]
checksum = "sha256:07f6e76348fe4b3305cfc57e89ad53b590c7b20b8f06bf55a1c4bdfd22ada85d"
url = "https://github.com/caarlos0/jsonfmt/releases/download/v0.5.2/jsonfmt_0.5.2_linux_arm64.tar.gz"
url_api = "https://api.github.com/repos/caarlos0/jsonfmt/releases/assets/332545405"

[tools."github:caarlos0/jsonfmt"."platforms.linux-x64"]
checksum = "sha256:62af811df23a85b7104b03b83c76b9f581e1d234f6248474811a1ae1c8141c63"
url = "https://github.com/caarlos0/jsonfmt/releases/download/v0.5.2/jsonfmt_0.5.2_linux_amd64.tar.gz"
url_api = "https://api.github.com/repos/caarlos0/jsonfmt/releases/assets/332545406"

[tools."github:caarlos0/jsonfmt"."platforms.linux-x64-musl"]
checksum = "sha256:62af811df23a85b7104b03b83c76b9f581e1d234f6248474811a1ae1c8141c63"
url = "https://github.com/caarlos0/jsonfmt/releases/download/v0.5.2/jsonfmt_0.5.2_linux_amd64.tar.gz"
url_api = "https://api.github.com/repos/caarlos0/jsonfmt/releases/assets/332545406"

[tools."github:caarlos0/jsonfmt"."platforms.macos-arm64"]
checksum = "sha256:f104cc42aa5c9524367f37aa5895e1f2b608ec6ac03fe03e768ddcd001afca8b"
url = "https://github.com/caarlos0/jsonfmt/releases/download/v0.5.2/jsonfmt_0.5.2_darwin_all.tar.gz"
url_api = "https://api.github.com/repos/caarlos0/jsonfmt/releases/assets/332545407"

[tools."github:caarlos0/jsonfmt"."platforms.macos-x64"]
checksum = "sha256:f104cc42aa5c9524367f37aa5895e1f2b608ec6ac03fe03e768ddcd001afca8b"
url = "https://github.com/caarlos0/jsonfmt/releases/download/v0.5.2/jsonfmt_0.5.2_darwin_all.tar.gz"
url_api = "https://api.github.com/repos/caarlos0/jsonfmt/releases/assets/332545407"

[tools."github:caarlos0/jsonfmt"."platforms.windows-x64"]
checksum = "sha256:b01f1b567edc0ecb20488319bd40db7a62405f32d5629fef96023b887eed3f0e"
url = "https://github.com/caarlos0/jsonfmt/releases/download/v0.5.2/jsonfmt_0.5.2_windows_amd64.tar.gz"
url_api = "https://api.github.com/repos/caarlos0/jsonfmt/releases/assets/332545410"

[[tools."github:swaggest/json-cli"]]
version = "1.11.2"
backend = "github:swaggest/json-cli"

[tools."github:swaggest/json-cli"."platforms.linux-arm64"]
url = "https://github.com/swaggest/json-cli/releases/download/v1.11.2/json-cli.tar.gz"
url_api = "https://api.github.com/repos/swaggest/json-cli/releases/assets/141365157"

[tools."github:swaggest/json-cli"."platforms.linux-arm64-musl"]
url = "https://github.com/swaggest/json-cli/releases/download/v1.11.2/json-cli.tar.gz"
url_api = "https://api.github.com/repos/swaggest/json-cli/releases/assets/141365157"

[tools."github:swaggest/json-cli"."platforms.linux-x64"]
url = "https://github.com/swaggest/json-cli/releases/download/v1.11.2/json-cli.tar.gz"
url_api = "https://api.github.com/repos/swaggest/json-cli/releases/assets/141365157"

[tools."github:swaggest/json-cli"."platforms.linux-x64-musl"]
url = "https://github.com/swaggest/json-cli/releases/download/v1.11.2/json-cli.tar.gz"
url_api = "https://api.github.com/repos/swaggest/json-cli/releases/assets/141365157"

[tools."github:swaggest/json-cli"."platforms.macos-arm64"]
url = "https://github.com/swaggest/json-cli/releases/download/v1.11.2/json-cli.tar.gz"
url_api = "https://api.github.com/repos/swaggest/json-cli/releases/assets/141365157"

[tools."github:swaggest/json-cli"."platforms.macos-x64"]
url = "https://github.com/swaggest/json-cli/releases/download/v1.11.2/json-cli.tar.gz"
url_api = "https://api.github.com/repos/swaggest/json-cli/releases/assets/141365157"

[tools."github:swaggest/json-cli"."platforms.windows-x64"]
url = "https://github.com/swaggest/json-cli/releases/download/v1.11.2/json-cli.tar.gz"
url_api = "https://api.github.com/repos/swaggest/json-cli/releases/assets/141365157"

[[tools."github:tdewolff/minify"]]
version = "2.24.13"
backend = "github:tdewolff/minify"

[tools."github:tdewolff/minify"."platforms.linux-arm64"]
checksum = "sha256:927bfbb693985a4671618ff19cd331f348c0a6b79ccd23a04cd9a58e70ce8221"
url = "https://github.com/tdewolff/minify/releases/download/v2.24.13/minify_linux_arm64.tar.gz"
url_api = "https://api.github.com/repos/tdewolff/minify/releases/assets/404378935"

[tools."github:tdewolff/minify"."platforms.linux-arm64-musl"]
checksum = "sha256:927bfbb693985a4671618ff19cd331f348c0a6b79ccd23a04cd9a58e70ce8221"
url = "https://github.com/tdewolff/minify/releases/download/v2.24.13/minify_linux_arm64.tar.gz"
url_api = "https://api.github.com/repos/tdewolff/minify/releases/assets/404378935"

[tools."github:tdewolff/minify"."platforms.linux-x64"]
checksum = "sha256:6cdd5c8c1d605d60f48a2f4a654595235f1fb50f804b107f72f6a6c87240a1bd"
url = "https://github.com/tdewolff/minify/releases/download/v2.24.13/minify_linux_amd64.tar.gz"
url_api = "https://api.github.com/repos/tdewolff/minify/releases/assets/404378926"

[tools."github:tdewolff/minify"."platforms.linux-x64-musl"]
checksum = "sha256:6cdd5c8c1d605d60f48a2f4a654595235f1fb50f804b107f72f6a6c87240a1bd"
url = "https://github.com/tdewolff/minify/releases/download/v2.24.13/minify_linux_amd64.tar.gz"
url_api = "https://api.github.com/repos/tdewolff/minify/releases/assets/404378926"

[tools."github:tdewolff/minify"."platforms.macos-arm64"]
checksum = "sha256:9b70745adaeba8d2eb14f5e4fc24d63d0ac95c74e329d64c7a4664157da8dbf1"
url = "https://github.com/tdewolff/minify/releases/download/v2.24.13/minify_darwin_arm64.tar.gz"
url_api = "https://api.github.com/repos/tdewolff/minify/releases/assets/404378898"

[tools."github:tdewolff/minify"."platforms.macos-x64"]
checksum = "sha256:bc5e36e17c7d6e49fa5601b2ba3b211709f06270efb56d6352fa37510e033a74"
url = "https://github.com/tdewolff/minify/releases/download/v2.24.13/minify_darwin_amd64.tar.gz"
url_api = "https://api.github.com/repos/tdewolff/minify/releases/assets/404378888"

[tools."github:tdewolff/minify"."platforms.windows-x64"]
checksum = "sha256:3e534953648244fb9b9988545db0e7684204a2d0ef6d4c9a9a1213439f2e0a8c"
url = "https://github.com/tdewolff/minify/releases/download/v2.24.13/minify_windows_amd64.zip"
url_api = "https://api.github.com/repos/tdewolff/minify/releases/assets/404378960"

[[tools."github:tidwall/jj"]]
version = "1.9.2"
backend = "github:tidwall/jj"

[tools."github:tidwall/jj"."platforms.linux-x64"]
url = "https://github.com/tidwall/jj/releases/download/v1.9.2/jj-1.9.2-linux-amd64.tar.gz"
url_api = "https://api.github.com/repos/tidwall/jj/releases/assets/55628041"

[tools."github:tidwall/jj"."platforms.linux-x64-musl"]
url = "https://github.com/tidwall/jj/releases/download/v1.9.2/jj-1.9.2-linux-amd64.tar.gz"
url_api = "https://api.github.com/repos/tidwall/jj/releases/assets/55628041"

[tools."github:tidwall/jj"."platforms.macos-x64"]
url = "https://github.com/tidwall/jj/releases/download/v1.9.2/jj-1.9.2-darwin-amd64.zip"
url_api = "https://api.github.com/repos/tidwall/jj/releases/assets/55628033"

[tools."github:tidwall/jj"."platforms.windows-x64"]
url = "https://github.com/tidwall/jj/releases/download/v1.9.2/jj-1.9.2-windows-amd64.zip"
url_api = "https://api.github.com/repos/tidwall/jj/releases/assets/55628043"

[[tools.gojq]]
version = "0.12.19"
backend = "aqua:itchyny/gojq"

[tools.gojq."platforms.linux-arm64"]
checksum = "sha256:b22794b4bebad11c42af52550bda317c5cd7ee79aaa729eb6ec91a63f623d8b5"
url = "https://github.com/itchyny/gojq/releases/download/v0.12.19/gojq_v0.12.19_linux_arm64.tar.gz"

[tools.gojq."platforms.linux-arm64-musl"]
checksum = "sha256:b22794b4bebad11c42af52550bda317c5cd7ee79aaa729eb6ec91a63f623d8b5"
url = "https://github.com/itchyny/gojq/releases/download/v0.12.19/gojq_v0.12.19_linux_arm64.tar.gz"

[tools.gojq."platforms.linux-x64"]
checksum = "sha256:bdfaf9acbe088973c549dadbf299c06dc9a84f1ca38c731ca04a08a901077f64"
url = "https://github.com/itchyny/gojq/releases/download/v0.12.19/gojq_v0.12.19_linux_amd64.tar.gz"

[tools.gojq."platforms.linux-x64-musl"]
checksum = "sha256:bdfaf9acbe088973c549dadbf299c06dc9a84f1ca38c731ca04a08a901077f64"
url = "https://github.com/itchyny/gojq/releases/download/v0.12.19/gojq_v0.12.19_linux_amd64.tar.gz"

[tools.gojq."platforms.macos-arm64"]
checksum = "sha256:40208d4c385c5cebe3798f9d5a30ff1123537d66e171f2450a110347933482f7"
url = "https://github.com/itchyny/gojq/releases/download/v0.12.19/gojq_v0.12.19_darwin_arm64.zip"

[tools.gojq."platforms.macos-x64"]
checksum = "sha256:e8816cd2e1a276a03ed8f902475d2ed641043295f420aadc623929d717cd4314"
url = "https://github.com/itchyny/gojq/releases/download/v0.12.19/gojq_v0.12.19_darwin_amd64.zip"

[tools.gojq."platforms.windows-x64"]
checksum = "sha256:e7e874d54158c415aa22a8b5bafd8fe7b457b14d51c7033f7414155a907f52a0"
url = "https://github.com/itchyny/gojq/releases/download/v0.12.19/gojq_v0.12.19_windows_amd64.zip"

[[tools.jaq]]
version = "3.0.0"
backend = "aqua:01mf02/jaq"

[tools.jaq."platforms.linux-arm64"]
checksum = "sha256:774b2446b7bff9f020ec9078a81e5c55853e87944d16fbeed8bae68ed8d42c81"
url = "https://github.com/01mf02/jaq/releases/download/v3.0.0/jaq-aarch64-unknown-linux-gnu"

[tools.jaq."platforms.linux-x64"]
checksum = "sha256:5beeeadd874b0bc9e4fdacff00b4dc5f8fb1430a85b3734e2c7210085dd1be08"
url = "https://github.com/01mf02/jaq/releases/download/v3.0.0/jaq-x86_64-unknown-linux-musl"

[tools.jaq."platforms.linux-x64-musl"]
checksum = "sha256:5beeeadd874b0bc9e4fdacff00b4dc5f8fb1430a85b3734e2c7210085dd1be08"
url = "https://github.com/01mf02/jaq/releases/download/v3.0.0/jaq-x86_64-unknown-linux-musl"

[tools.jaq."platforms.macos-arm64"]
checksum = "sha256:61f666342a8d9569768ca69acefc28bacabfcfb2cf932d0717e50332f34302c5"
url = "https://github.com/01mf02/jaq/releases/download/v3.0.0/jaq-aarch64-apple-darwin"

[tools.jaq."platforms.macos-x64"]
checksum = "sha256:361a9280910c9e4fda95cb1cb72b5f88ec2e2b0c8322cafbdc6c0aa6625e1a7d"
url = "https://github.com/01mf02/jaq/releases/download/v3.0.0/jaq-x86_64-apple-darwin"

[tools.jaq."platforms.windows-x64"]
checksum = "sha256:07dfa5f20a9372ce96f26d5fbfdcedc4baad2162b487b3d980f35d0d0dce632f"
url = "https://github.com/01mf02/jaq/releases/download/v3.0.0/jaq-x86_64-pc-windows-msvc.exe"

[[tools.jq]]
version = "1.8.1"
backend = "aqua:jqlang/jq"

[tools.jq."platforms.linux-arm64"]
checksum = "sha256:6bc62f25981328edd3cfcfe6fe51b073f2d7e7710d7ef7fcdac28d4e384fc3d4"
url = "https://github.com/jqlang/jq/releases/download/jq-1.8.1/jq-linux-arm64"
provenance = "github-attestations"

[tools.jq."platforms.linux-arm64-musl"]
checksum = "sha256:6bc62f25981328edd3cfcfe6fe51b073f2d7e7710d7ef7fcdac28d4e384fc3d4"
url = "https://github.com/jqlang/jq/releases/download/jq-1.8.1/jq-linux-arm64"
provenance = "github-attestations"

[tools.jq."platforms.linux-x64"]
checksum = "sha256:020468de7539ce70ef1bceaf7cde2e8c4f2ca6c3afb84642aabc5c97d9fc2a0d"
url = "https://github.com/jqlang/jq/releases/download/jq-1.8.1/jq-linux-amd64"
provenance = "github-attestations"

[tools.jq."platforms.linux-x64-musl"]
checksum = "sha256:020468de7539ce70ef1bceaf7cde2e8c4f2ca6c3afb84642aabc5c97d9fc2a0d"
url = "https://github.com/jqlang/jq/releases/download/jq-1.8.1/jq-linux-amd64"
provenance = "github-attestations"

[tools.jq."platforms.macos-arm64"]
checksum = "sha256:a9fe3ea2f86dfc72f6728417521ec9067b343277152b114f4e98d8cb0e263603"
url = "https://github.com/jqlang/jq/releases/download/jq-1.8.1/jq-macos-arm64"
provenance = "github-attestations"

[tools.jq."platforms.macos-x64"]
checksum = "sha256:e80dbe0d2a2597e3c11c404f03337b981d74b4a8504b70586c354b7697a7c27f"
url = "https://github.com/jqlang/jq/releases/download/jq-1.8.1/jq-macos-amd64"
provenance = "github-attestations"

[tools.jq."platforms.windows-x64"]
checksum = "sha256:23cb60a1354eed6bcc8d9b9735e8c7b388cd1fdcb75726b93bc299ef22dd9334"
url = "https://github.com/jqlang/jq/releases/download/jq-1.8.1/jq-windows-amd64.exe"
provenance = "github-attestations"

[[tools."npm:json-minify"]]
version = "1.0.0"
backend = "npm:json-minify"

[[tools."npm:oxfmt"]]
version = "0.50.0"
backend = "npm:oxfmt"

[[tools."npm:prettier"]]
version = "3.8.3"
backend = "npm:prettier"

[[tools."pipx:jello"]]
version = "1.6.1"
backend = "pipx:jello"

[[tools.python]]
version = "3.14.5"
backend = "core:python"

[tools.python."platforms.linux-arm64"]
checksum = "sha256:bea1aa66159eaf97ade1225e40b7060d709154da961aa37792bb8066d8f6af49"
url = "https://github.com/astral-sh/python-build-standalone/releases/download/20260510/cpython-3.14.5+20260510-aarch64-unknown-linux-gnu-install_only_stripped.tar.gz"
provenance = "github-attestations"

[tools.python."platforms.linux-arm64-musl"]
checksum = "sha256:011e29568c2a6ed64938fba0793ca6225c99bc4d804143a26875b5f9ee3fc7fa"
url = "https://github.com/astral-sh/python-build-standalone/releases/download/20260510/cpython-3.14.5+20260510-aarch64-unknown-linux-musl-install_only_stripped.tar.gz"
provenance = "github-attestations"

[tools.python."platforms.linux-x64"]
checksum = "sha256:dc10977b0db3bef1ee2275107fde6fe9c148135b556fa352e83c6baa67d17ed6"
url = "https://github.com/astral-sh/python-build-standalone/releases/download/20260510/cpython-3.14.5+20260510-x86_64-unknown-linux-gnu-install_only_stripped.tar.gz"
provenance = "github-attestations"

[tools.python."platforms.linux-x64-musl"]
checksum = "sha256:6bc02ce4575e5d5379f4533f3d3f77acfdfd5ccd9c4edf790fcdd84578a1df01"
url = "https://github.com/astral-sh/python-build-standalone/releases/download/20260510/cpython-3.14.5+20260510-x86_64-unknown-linux-musl-install_only_stripped.tar.gz"
provenance = "github-attestations"

[tools.python."platforms.macos-arm64"]
checksum = "sha256:1bb0b3d45448dfe7e916dc62144cfd7d7a611dc6ccf05b8bb71662cc5c2a1ad2"
url = "https://github.com/astral-sh/python-build-standalone/releases/download/20260510/cpython-3.14.5+20260510-aarch64-apple-darwin-install_only_stripped.tar.gz"
provenance = "github-attestations"

[tools.python."platforms.macos-x64"]
checksum = "sha256:38662e526797db4e90b3381706b96821979fece0b536ac14b5c4e1a97e0590d5"
url = "https://github.com/astral-sh/python-build-standalone/releases/download/20260510/cpython-3.14.5+20260510-x86_64-apple-darwin-install_only_stripped.tar.gz"
provenance = "github-attestations"

[tools.python."platforms.windows-x64"]
checksum = "sha256:4d26ade49e9571ccb3bd1a88cfc72c52b11a9a9f6e204a57f38592aed137566a"
url = "https://github.com/astral-sh/python-build-standalone/releases/download/20260510/cpython-3.14.5+20260510-x86_64-pc-windows-msvc-install_only_stripped.tar.gz"
provenance = "github-attestations"

[[tools.uv]]
version = "0.11.15"
backend = "aqua:astral-sh/uv"

[tools.uv."platforms.linux-arm64"]
checksum = "sha256:6505075cec3f551fad4fe9026922967ff9c895c9f513c97682b24e7a1c9becd3"
url = "https://github.com/astral-sh/uv/releases/download/0.11.15/uv-aarch64-unknown-linux-musl.tar.gz"
provenance = "github-attestations"

[tools.uv."platforms.linux-arm64-musl"]
checksum = "sha256:6505075cec3f551fad4fe9026922967ff9c895c9f513c97682b24e7a1c9becd3"
url = "https://github.com/astral-sh/uv/releases/download/0.11.15/uv-aarch64-unknown-linux-musl.tar.gz"
provenance = "github-attestations"

[tools.uv."platforms.linux-x64"]
checksum = "sha256:200ccf2f351849c5d6698714e7e7eb9ead1e8c097dbdbb43730e1a4e059ceb87"
url = "https://github.com/astral-sh/uv/releases/download/0.11.15/uv-x86_64-unknown-linux-musl.tar.gz"
provenance = "github-attestations"

[tools.uv."platforms.linux-x64-musl"]
checksum = "sha256:200ccf2f351849c5d6698714e7e7eb9ead1e8c097dbdbb43730e1a4e059ceb87"
url = "https://github.com/astral-sh/uv/releases/download/0.11.15/uv-x86_64-unknown-linux-musl.tar.gz"
provenance = "github-attestations"

[tools.uv."platforms.macos-arm64"]
checksum = "sha256:7e5b336108f8576eda1939920ca0a805b4a9a3c3d3eb2f6140e38b7092fbe4f3"
url = "https://github.com/astral-sh/uv/releases/download/0.11.15/uv-aarch64-apple-darwin.tar.gz"
provenance = "github-attestations"

[tools.uv."platforms.macos-x64"]
checksum = "sha256:42bca7cc879d117ed7139a0e26de8cab0b6f033ad439a32144f324d1f8580d8c"
url = "https://github.com/astral-sh/uv/releases/download/0.11.15/uv-x86_64-apple-darwin.tar.gz"
provenance = "github-attestations"

[tools.uv."platforms.windows-x64"]
checksum = "sha256:04b98d414a9000e25e5e0e7c9f53749e66b790cdaffc582829e6f58c544ee11c"
url = "https://github.com/astral-sh/uv/releases/download/0.11.15/uv-x86_64-pc-windows-msvc.zip"
provenance = "github-attestations"
